
Microsoft Visual Studio Solution File, Format Version 12.00
# Visual Studio Version 16
VisualStudioVersion = 16.0.31515.178
MinimumVisualStudioVersion = 10.0.40219.1
Project("{2150E333-8FDC-42A3-9474-1A3956D46DE8}") = "Services", "Services", "{9D71AF29-89EA-4CB2-9749-6371DCFD620B}"
EndProject
Project("{2150E333-8FDC-42A3-9474-1A3956D46DE8}") = "Catalog", "Catalog", "{B6AEF7BF-1362-444B-A858-CE6FFDE7A64E}"
EndProject
Project("{FAE04EC0-301F-11D3-BF4B-00C04F79EFBC}") = "Catalog.API", "Services\Catalog\Catalog.API\Catalog.API.csproj", "{75A070D1-C9D8-44EF-9E88-2F2302C97385}"
EndProject
Global
	GlobalSection(SolutionConfigurationPlatforms) = preSolution
		Debug|Any CPU = Debug|Any CPU
		Release|Any CPU = Release|Any CPU
	EndGlobalSection
	GlobalSection(ProjectConfigurationPlatforms) = postSolution
		{75A070D1-C9D8-44EF-9E88-2F2302C97385}.Debug|Any CPU.ActiveCfg = Debug|Any CPU
		{75A070D1-C9D8-44EF-9E88-2F2302C97385}.Debug|Any CPU.Build.0 = Debug|Any CPU
		{75A070D1-C9D8-44EF-9E88-2F2302C97385}.Release|Any CPU.ActiveCfg = Release|Any CPU
		{75A070D1-C9D8-44EF-9E88-2F2302C97385}.Release|Any CPU.Build.0 = Release|Any CPU
	EndGlobalSection
	GlobalSection(SolutionProperties) = preSolution
		HideSolutionNode = FALSE
	EndGlobalSection
	GlobalSection(NestedProjects) = preSolution
		{B6AEF7BF-1362-444B-A858-CE6FFDE7A64E} = {9D71AF29-89EA-4CB2-9749-6371DCFD620B}
		{75A070D1-C9D8-44EF-9E88-2F2302C97385} = {B6AEF7BF-1362-444B-A858-CE6FFDE7A64E}
	EndGlobalSection
	GlobalSection(ExtensibilityGlobals) = postSolution
		SolutionGuid = {768FD65B-126E-431C-9625-18A71D5CE31B}
	EndGlobalSection
EndGlobal
